
Microsoft Visual Studio Solution File, Format Version 12.00
# Visual Studio Version 16
VisualStudioVersion = 16.0.30114.105
MinimumVisualStudioVersion = 10.0.40219.1
Project("{FAE04EC0-301F-11D3-BF4B-00C04F79EFBC}") = "R5T.T0038", "R5T.T0038\R5T.T0038.csproj", "{155F4B38-EDCC-45C7-94AC-90A04C967D4C}"
EndProject
Project("{FAE04EC0-301F-11D3-BF4B-00C04F79EFBC}") = "R5T.T0038.Construction", "R5T.T0038.Construction\R5T.T0038.Construction.csproj", "{00B1B050-8FF0-4656-96BB-C170B103399B}"
EndProject
Project("{FAE04EC0-301F-11D3-BF4B-00C04F79EFBC}") = "R5T.T0038.T001", "R5T.T0038.T001\R5T.T0038.T001.csproj", "{663CB12B-9744-400D-ACBF-201CFDF48937}"
EndProject
Project("{FAE04EC0-301F-11D3-BF4B-00C04F79EFBC}") = "R5T.T0038.T001.X001", "R5T.T0038.T001.X001\R5T.T0038.T001.X001.csproj", "{A1BC22DB-CA57-42A8-884B-C9F4AF8031C9}"
EndProject
Project("{FAE04EC0-301F-11D3-BF4B-00C04F79EFBC}") = "R5T.T0038.X001", "R5T.T0038.X001\R5T.T0038.X001.csproj", "{9DC6E10A-A2DF-45C2-80CC-BC768EC3778D}"
EndProject
Global
	GlobalSection(SolutionConfigurationPlatforms) = preSolution
		Debug|Any CPU = Debug|Any CPU
		Debug|x64 = Debug|x64
		Debug|x86 = Debug|x86
		Release|Any CPU = Release|Any CPU
		Release|x64 = Release|x64
		Release|x86 = Release|x86
	EndGlobalSection
	GlobalSection(SolutionProperties) = preSolution
		HideSolutionNode = FALSE
	EndGlobalSection
	GlobalSection(ProjectConfigurationPlatforms) = postSolution
		{155F4B38-EDCC-45C7-94AC-90A04C967D4C}.Debug|Any CPU.ActiveCfg = Debug|Any CPU
		{155F4B38-EDCC-45C7-94AC-90A04C967D4C}.Debug|Any CPU.Build.0 = Debug|Any CPU
		{155F4B38-EDCC-45C7-94AC-90A04C967D4C}.Debug|x64.ActiveCfg = Debug|Any CPU
		{155F4B38-EDCC-45C7-94AC-90A04C967D4C}.Debug|x64.Build.0 = Debug|Any CPU
		{155F4B38-EDCC-45C7-94AC-90A04C967D4C}.Debug|x86.ActiveCfg = Debug|Any CPU
		{155F4B38-EDCC-45C7-94AC-90A04C967D4C}.Debug|x86.Build.0 = Debug|Any CPU
		{155F4B38-EDCC-45C7-94AC-90A04C967D4C}.Release|Any CPU.ActiveCfg = Release|Any CPU
		{155F4B38-EDCC-45C7-94AC-90A04C967D4C}.Release|Any CPU.Build.0 = Release|Any CPU
		{155F4B38-EDCC-45C7-94AC-90A04C967D4C}.Release|x64.ActiveCfg = Release|Any CPU
		{155F4B38-EDCC-45C7-94AC-90A04C967D4C}.Release|x64.Build.0 = Release|Any CPU
		{155F4B38-EDCC-45C7-94AC-90A04C967D4C}.Release|x86.ActiveCfg = Release|Any CPU
		{155F4B38-EDCC-45C7-94AC-90A04C967D4C}.Release|x86.Build.0 = Release|Any CPU
		{00B1B050-8FF0-4656-96BB-C170B103399B}.Debug|Any CPU.ActiveCfg = Debug|Any CPU
		{00B1B050-8FF0-4656-96BB-C170B103399B}.Debug|Any CPU.Build.0 = Debug|Any CPU
		{00B1B050-8FF0-4656-96BB-C170B103399B}.Debug|x64.ActiveCfg = Debug|Any CPU
		{00B1B050-8FF0-4656-96BB-C170B103399B}.Debug|x64.Build.0 = Debug|Any CPU
		{00B1B050-8FF0-4656-96BB-C170B103399B}.Debug|x86.ActiveCfg = Debug|Any CPU
		{00B1B050-8FF0-4656-96BB-C170B103399B}.Debug|x86.Build.0 = Debug|Any CPU
		{00B1B050-8FF0-4656-96BB-C170B103399B}.Release|Any CPU.ActiveCfg = Release|Any CPU
		{00B1B050-8FF0-4656-96BB-C170B103399B}.Release|Any CPU.Build.0 = Release|Any CPU
		{00B1B050-8FF0-4656-96BB-C170B103399B}.Release|x64.ActiveCfg = Release|Any CPU
		{00B1B050-8FF0-4656-96BB-C170B103399B}.Release|x64.Build.0 = Release|Any CPU
		{00B1B050-8FF0-4656-96BB-C170B103399B}.Release|x86.ActiveCfg = Release|Any CPU
		{00B1B050-8FF0-4656-96BB-C170B103399B}.Release|x86.Build.0 = Release|Any CPU
		{663CB12B-9744-400D-ACBF-201CFDF48937}.Debug|Any CPU.ActiveCfg = Debug|Any CPU
		{663CB12B-9744-400D-ACBF-201CFDF48937}.Debug|Any CPU.Build.0 = Debug|Any CPU
		{663CB12B-9744-400D-ACBF-201CFDF48937}.Debug|x64.ActiveCfg = Debug|Any CPU
		{663CB12B-9744-400D-ACBF-201CFDF48937}.Debug|x64.Build.0 = Debug|Any CPU
		{663CB12B-9744-400D-ACBF-201CFDF48937}.Debug|x86.ActiveCfg = Debug|Any CPU
		{663CB12B-9744-400D-ACBF-201CFDF48937}.Debug|x86.Build.0 = Debug|Any CPU
		{663CB12B-9744-400D-ACBF-201CFDF48937}.Release|Any CPU.ActiveCfg = Release|Any CPU
		{663CB12B-9744-400D-ACBF-201CFDF48937}.Release|Any CPU.Build.0 = Release|Any CPU
		{663CB12B-9744-400D-ACBF-201CFDF48937}.Release|x64.ActiveCfg = Release|Any CPU
		{663CB12B-9744-400D-ACBF-201CFDF48937}.Release|x64.Build.0 = Release|Any CPU
		{663CB12B-9744-400D-ACBF-201CFDF48937}.Release|x86.ActiveCfg = Release|Any CPU
		{663CB12B-9744-400D-ACBF-201CFDF48937}.Release|x86.Build.0 = Release|Any CPU
		{A1BC22DB-CA57-42A8-884B-C9F4AF8031C9}.Debug|Any CPU.ActiveCfg = Debug|Any CPU
		{A1BC22DB-CA57-42A8-884B-C9F4AF8031C9}.Debug|Any CPU.Build.0 = Debug|Any CPU
		{A1BC22DB-CA57-42A8-884B-C9F4AF8031C9}.Debug|x64.ActiveCfg = Debug|Any CPU
		{A1BC22DB-CA57-42A8-884B-C9F4AF8031C9}.Debug|x64.Build.0 = Debug|Any CPU
		{A1BC22DB-CA57-42A8-884B-C9F4AF8031C9}.Debug|x86.ActiveCfg = Debug|Any CPU
		{A1BC22DB-CA57-42A8-884B-C9F4AF8031C9}.Debug|x86.Build.0 = Debug|Any CPU
		{A1BC22DB-CA57-42A8-884B-C9F4AF8031C9}.Release|Any CPU.ActiveCfg = Release|Any CPU
		{A1BC22DB-CA57-42A8-884B-C9F4AF8031C9}.Release|Any CPU.Build.0 = Release|Any CPU
		{A1BC22DB-CA57-42A8-884B-C9F4AF8031C9}.Release|x64.ActiveCfg = Release|Any CPU
		{A1BC22DB-CA57-42A8-884B-C9F4AF8031C9}.Release|x64.Build.0 = Release|Any CPU
		{A1BC22DB-CA57-42A8-884B-C9F4AF8031C9}.Release|x86.ActiveCfg = Release|Any CPU
		{A1BC22DB-CA57-42A8-884B-C9F4AF8031C9}.Release|x86.Build.0 = Release|Any CPU
		{9DC6E10A-A2DF-45C2-80CC-BC768EC3778D}.Debug|Any CPU.ActiveCfg = Debug|Any CPU
		{9DC6E10A-A2DF-45C2-80CC-BC768EC3778D}.Debug|Any CPU.Build.0 = Debug|Any CPU
		{9DC6E10A-A2DF-45C2-80CC-BC768EC3778D}.Debug|x64.ActiveCfg = Debug|Any CPU
		{9DC6E10A-A2DF-45C2-80CC-BC768EC3778D}.Debug|x64.Build.0 = Debug|Any CPU
		{9DC6E10A-A2DF-45C2-80CC-BC768EC3778D}.Debug|x86.ActiveCfg = Debug|Any CPU
		{9DC6E10A-A2DF-45C2-80CC-BC768EC3778D}.Debug|x86.Build.0 = Debug|Any CPU
		{9DC6E10A-A2DF-45C2-80CC-BC768EC3778D}.Release|Any CPU.ActiveCfg = Release|Any CPU
		{9DC6E10A-A2DF-45C2-80CC-BC768EC3778D}.Release|Any CPU.Build.0 = Release|Any CPU
		{9DC6E10A-A2DF-45C2-80CC-BC768EC3778D}.Release|x64.ActiveCfg = Release|Any CPU
		{9DC6E10A-A2DF-45C2-80CC-BC768EC3778D}.Release|x64.Build.0 = Release|Any CPU
		{9DC6E10A-A2DF-45C2-80CC-BC768EC3778D}.Release|x86.ActiveCfg = Release|Any CPU
		{9DC6E10A-A2DF-45C2-80CC-BC768EC3778D}.Release|x86.Build.0 = Release|Any CPU
	EndGlobalSection
EndGlobal
